
Microsoft Visual Studio Solution File, Format Version 11.00
# Visual Studio 2010
Project("{FAE04EC0-301F-11D3-BF4B-00C04F79EFBC}") = "Car Wash", "Assembly-CSharp.csproj", "{403956A6-34E6-C64A-87E5-40AF6F731E87}"
EndProject
Global
	GlobalSection(SolutionConfigurationPlatforms) = preSolution
		Debug|Any CPU = Debug|Any CPU
		Release|Any CPU = Release|Any CPU
	EndGlobalSection
	GlobalSection(ProjectConfigurationPlatforms) = postSolution
		{403956A6-34E6-C64A-87E5-40AF6F731E87}.Debug|Any CPU.ActiveCfg = Debug|Any CPU
		{403956A6-34E6-C64A-87E5-40AF6F731E87}.Debug|Any CPU.Build.0 = Debug|Any CPU
		{403956A6-34E6-C64A-87E5-40AF6F731E87}.Release|Any CPU.ActiveCfg = Release|Any CPU
		{403956A6-34E6-C64A-87E5-40AF6F731E87}.Release|Any CPU.Build.0 = Release|Any CPU
	EndGlobalSection
	GlobalSection(SolutionProperties) = preSolution
		HideSolutionNode = FALSE
	EndGlobalSection
	GlobalSection(MonoDevelopProperties) = preSolution
		StartupItem = Assembly-CSharp.csproj
	EndGlobalSection
EndGlobal
